dependencies:
- name: catalog
  repository: https://raw.githubusercontent.com/tanya-shanker/light-bluecompute/master/catalog/chart/release
  version: 0.0.1
- name: webapp
  repository: https://raw.githubusercontent.com/tanya-shanker/light-bluecompute/master/web-app-lite/webapp/chart/release/
  version: 0.0.1
- name: mysql
  repository: https://raw.githubusercontent.com/tanya-shanker/light-bluecompute/master/mysql/chart/release
  version: 0.0.1
digest: sha256:d1283f330038a2f81ba4b6f593054567a0ae2cead1fe9d5a1ba1c648c91ebea3
generated: "2021-08-05T18:07:37.284843+05:30"
